
Microsoft Visual Studio Solution File, Format Version 12.00
# Visual Studio Version 17
VisualStudioVersion = 17.9.34728.123
MinimumVisualStudioVersion = 10.0.40219.1
Project("{9A19103F-16F7-4668-BE54-9A1E7A4F7556}") = "AuthServer", "AuthServer\AuthServer.csproj", "{0539DBA3-4710-42B9-8A06-F7B8E79B50AD}"
EndProject
Project("{FAE04EC0-301F-11D3-BF4B-00C04F79EFBC}") = "Login", "Login\Login.csproj", "{1CCA5B1E-6E1A-4716-8D19-BA1DB20BE732}"
EndProject
Global
	GlobalSection(SolutionConfigurationPlatforms) = preSolution
		Debug|Any CPU = Debug|Any CPU
		Release|Any CPU = Release|Any CPU
	EndGlobalSection
	GlobalSection(ProjectConfigurationPlatforms) = postSolution
		{0539DBA3-4710-42B9-8A06-F7B8E79B50AD}.Debug|Any CPU.ActiveCfg = Debug|Any CPU
		{0539DBA3-4710-42B9-8A06-F7B8E79B50AD}.Debug|Any CPU.Build.0 = Debug|Any CPU
		{0539DBA3-4710-42B9-8A06-F7B8E79B50AD}.Release|Any CPU.ActiveCfg = Release|Any CPU
		{0539DBA3-4710-42B9-8A06-F7B8E79B50AD}.Release|Any CPU.Build.0 = Release|Any CPU
		{1CCA5B1E-6E1A-4716-8D19-BA1DB20BE732}.Debug|Any CPU.ActiveCfg = Debug|Any CPU
		{1CCA5B1E-6E1A-4716-8D19-BA1DB20BE732}.Debug|Any CPU.Build.0 = Debug|Any CPU
		{1CCA5B1E-6E1A-4716-8D19-BA1DB20BE732}.Release|Any CPU.ActiveCfg = Release|Any CPU
		{1CCA5B1E-6E1A-4716-8D19-BA1DB20BE732}.Release|Any CPU.Build.0 = Release|Any CPU
	EndGlobalSection
	GlobalSection(SolutionProperties) = preSolution
		HideSolutionNode = FALSE
	EndGlobalSection
	GlobalSection(ExtensibilityGlobals) = postSolution
		SolutionGuid = {E95117EB-110F-4D15-B2E4-90C9007DECF6}
	EndGlobalSection
EndGlobal
